// !$*UTF8*$!
{
	archiveVersion = 1;
	classes = {
	};
	objectVersion = 50;
	objects = {

/* Begin PBXBuildFile section */
		384F012E212E66EA00BA47C1 /* AppDelegate.swift in Sources */ = {isa = PBXBuildFile; fileRef = 384F012D212E66EA00BA47C1 /* AppDelegate.swift */; };
		384F0130212E66EA00BA47C1 /* ViewController.swift in Sources */ = {isa = PBXBuildFile; fileRef = 384F012F212E66EA00BA47C1 /* ViewController.swift */; };
		384F0133212E66EA00BA47C1 /* Main.storyboard in Resources */ = {isa = PBXBuildFile; fileRef = 384F0131212E66EA00BA47C1 /* Main.storyboard */; };
		384F0135212E66EC00BA47C1 /* Assets.xcassets in Resources */ = {isa = PBXBuildFile; fileRef = 384F0134212E66EC00BA47C1 /* Assets.xcassets */; };
		384F0138212E66EC00BA47C1 /* LaunchScreen.storyboard in Resources */ = {isa = PBXBuildFile; fileRef = 384F0136212E66EC00BA47C1 /* LaunchScreen.storyboard */; };
		384F0143212E66EC00BA47C1 /* SimplePersistTests.swift in Sources */ = {isa = PBXBuildFile; fileRef = 384F0142212E66EC00BA47C1 /* SimplePersistTests.swift */; };
		384F014E212E66EC00BA47C1 /* SimplePersistUITests.swift in Sources */ = {isa = PBXBuildFile; fileRef = 384F014D212E66EC00BA47C1 /* SimplePersistUITests.swift */; };
/* End PBXBuildFile section */

/* Begin PBXContainerItemProxy section */
		384F013F212E66EC00BA47C1 /* PBXContainerItemProxy */ = {
			isa = PBXContainerItemProxy;
			containerPortal = 384F0122212E66EA00BA47C1 /* Project object */;
			proxyType = 1;
			remoteGlobalIDString = 384F0129212E66EA00BA47C1;
			remoteInfo = SimplePersist;
		};
		384F014A212E66EC00BA47C1 /* PBXContainerItemProxy */ = {
			isa = PBXContainerItemProxy;
			containerPortal = 384F0122212E66EA00BA47C1 /* Project object */;
			proxyType = 1;
			remoteGlobalIDString = 384F0129212E66EA00BA47C1;
			remoteInfo = SimplePersist;
		};
/* End PBXContainerItemProxy section */

/* Begin PBXFileReference section */
		384F012A212E66EA00BA47C1 /* SimplePersist.app */ = {isa = PBXFileReference; explicitFileType = wrapper.application; includeInIndex = 0; path = SimplePersist.app; sourceTree = BUILT_PRODUCTS_DIR; };
		384F012D212E66EA00BA47C1 /* AppDelegate.swift */ = {isa = PBXFileReference; lastKnownFileType = sourcecode.swift; path = AppDelegate.swift; sourceTree = "<group>"; };
		384F012F212E66EA00BA47C1 /* ViewController.swift */ = {isa = PBXFileReference; lastKnownFileType = sourcecode.swift; path = ViewController.swift; sourceTree = "<group>"; };
		384F0132212E66EA00BA47C1 /* Base */ = {isa = PBXFileReference; lastKnownFileType = file.storyboard; name = Base; path = Base.lproj/Main.storyboard; sourceTree = "<group>"; };
		384F0134212E66EC00BA47C1 /* Assets.xcassets */ = {isa = PBXFileReference; lastKnownFileType = folder.assetcatalog; path = Assets.xcassets; sourceTree = "<group>"; };
		384F0137212E66EC00BA47C1 /* Base */ = {isa = PBXFileReference; lastKnownFileType = file.storyboard; name = Base; path = Base.lproj/LaunchScreen.storyboard; sourceTree = "<group>"; };
		384F0139212E66EC00BA47C1 /* Info.plist */ = {isa = PBXFileReference; lastKnownFileType = text.plist.xml; path = Info.plist; sourceTree = "<group>"; };
		384F013E212E66EC00BA47C1 /* SimplePersistTests.xctest */ = {isa = PBXFileReference; explicitFileType = wrapper.cfbundle; includeInIndex = 0; path = SimplePersistTests.xctest; sourceTree = BUILT_PRODUCTS_DIR; };
		384F0142212E66EC00BA47C1 /* SimplePersistTests.swift */ = {isa = PBXFileReference; lastKnownFileType = sourcecode.swift; path = SimplePersistTests.swift; sourceTree = "<group>"; };
		384F0144212E66EC00BA47C1 /* Info.plist */ = {isa = PBXFileReference; lastKnownFileType = text.plist.xml; path = Info.plist; sourceTree = "<group>"; };
		384F0149212E66EC00BA47C1 /* SimplePersistUITests.xctest */ = {isa = PBXFileReference; explicitFileType = wrapper.cfbundle; includeInIndex = 0; path = SimplePersistUITests.xctest; sourceTree = BUILT_PRODUCTS_DIR; };
		384F014D212E66EC00BA47C1 /* SimplePersistUITests.swift */ = {isa = PBXFileReference; lastKnownFileType = sourcecode.swift; path = SimplePersistUITests.swift; sourceTree = "<group>"; };
		384F014F212E66EC00BA47C1 /* Info.plist */ = {isa = PBXFileReference; lastKnownFileType = text.plist.xml; path = Info.plist; sourceTree = "<group>"; };
/* End PBXFileReference section */

/* Begin PBXFrameworksBuildPhase section */
		384F0127212E66EA00BA47C1 /* Frameworks */ = {
			isa = PBXFrameworksBuildPhase;
			buildActionMask = 2147483647;
			files = (
			);
			runOnlyForDeploymentPostprocessing = 0;
		};
		384F013B212E66EC00BA47C1 /* Frameworks */ = {
			isa = PBXFrameworksBuildPhase;
			buildActionMask = 2147483647;
			files = (
			);
			runOnlyForDeploymentPostprocessing = 0;
		};
		384F0146212E66EC00BA47C1 /* Frameworks */ = {
			isa = PBXFrameworksBuildPhase;
			buildActionMask = 2147483647;
			files = (
			);
			runOnlyForDeploymentPostprocessing = 0;
		};
/* End PBXFrameworksBuildPhase section */

/* Begin PBXGroup section */
		384F0121212E66EA00BA47C1 = {
			isa = PBXGroup;
			children = (
				384F012C212E66EA00BA47C1 /* SimplePersist */,
				384F0141212E66EC00BA47C1 /* SimplePersistTests */,
				384F014C212E66EC00BA47C1 /* SimplePersistUITests */,
				384F012B212E66EA00BA47C1 /* Products */,
			);
			sourceTree = "<group>";
		};
		384F012B212E66EA00BA47C1 /* Products */ = {
			isa = PBXGroup;
			children = (
				384F012A212E66EA00BA47C1 /* SimplePersist.app */,
				384F013E212E66EC00BA47C1 /* SimplePersistTests.xctest */,
				384F0149212E66EC00BA47C1 /* SimplePersistUITests.xctest */,
			);
			name = Products;
			sourceTree = "<group>";
		};
		384F012C212E66EA00BA47C1 /* SimplePersist */ = {
			isa = PBXGroup;
			children = (
				384F012D212E66EA00BA47C1 /* AppDelegate.swift */,
				384F012F212E66EA00BA47C1 /* ViewController.swift */,
				384F0131212E66EA00BA47C1 /* Main.storyboard */,
				384F0134212E66EC00BA47C1 /* Assets.xcassets */,
				384F0136212E66EC00BA47C1 /* LaunchScreen.storyboard */,
				384F0139212E66EC00BA47C1 /* Info.plist */,
			);
			path = SimplePersist;
			sourceTree = "<group>";
		};
		384F0141212E66EC00BA47C1 /* SimplePersistTests */ = {
			isa = PBXGroup;
			children = (
				384F0142212E66EC00BA47C1 /* SimplePersistTests.swift */,
				384F0144212E66EC00BA47C1 /* Info.plist */,
			);
			path = SimplePersistTests;
			sourceTree = "<group>";
		};
		384F014C212E66EC00BA47C1 /* SimplePersistUITests */ = {
			isa = PBXGroup;
			children = (
				384F014D212E66EC00BA47C1 /* SimplePersistUITests.swift */,
				384F014F212E66EC00BA47C1 /* Info.plist */,
			);
			path = SimplePersistUITests;
			sourceTree = "<group>";
		};
/* End PBXGroup section */

/* Begin PBXNativeTarget section */
		384F0129212E66EA00BA47C1 /* SimplePersist */ = {
			isa = PBXNativeTarget;
			buildConfigurationList = 384F0152212E66EC00BA47C1 /* Build configuration list for PBXNativeTarget "SimplePersist" */;
			buildPhases = (
				384F0126212E66EA00BA47C1 /* Sources */,
				384F0127212E66EA00BA47C1 /* Frameworks */,
				384F0128212E66EA00BA47C1 /* Resources */,
			);
			buildRules = (
			);
			dependencies = (
			);
			name = SimplePersist;
			productName = SimplePersist;
			productReference = 384F012A212E66EA00BA47C1 /* SimplePersist.app */;
			productType = "com.apple.product-type.application";
		};
		384F013D212E66EC00BA47C1 /* SimplePersistTests */ = {
			isa = PBXNativeTarget;
			buildConfigurationList = 384F0155212E66EC00BA47C1 /* Build configuration list for PBXNativeTarget "SimplePersistTests" */;
			buildPhases = (
				384F013A212E66EC00BA47C1 /* Sources */,
				384F013B212E66EC00BA47C1 /* Frameworks */,
				384F013C212E66EC00BA47C1 /* Resources */,
			);
			buildRules = (
			);
			dependencies = (
				384F0140212E66EC00BA47C1 /* PBXTargetDependency */,
			);
			name = SimplePersistTests;
			productName = SimplePersistTests;
			productReference = 384F013E212E66EC00BA47C1 /* SimplePersistTests.xctest */;
			productType = "com.apple.product-type.bundle.unit-test";
		};
		384F0148212E66EC00BA47C1 /* SimplePersistUITests */ = {
			isa = PBXNativeTarget;
			buildConfigurationList = 384F0158212E66EC00BA47C1 /* Build configuration list for PBXNativeTarget "SimplePersistUITests" */;
			buildPhases = (
				384F0145212E66EC00BA47C1 /* Sources */,
				384F0146212E66EC00BA47C1 /* Frameworks */,
				384F0147212E66EC00BA47C1 /* Resources */,
			);
			buildRules = (
			);
			dependencies = (
				384F014B212E66EC00BA47C1 /* PBXTargetDependency */,
			);
			name = SimplePersistUITests;
			productName = SimplePersistUITests;
			productReference = 384F0149212E66EC00BA47C1 /* SimplePersistUITests.xctest */;
			productType = "com.apple.product-type.bundle.ui-testing";
		};
/* End PBXNativeTarget section */

/* Begin PBXProject section */
		384F0122212E66EA00BA47C1 /* Project object */ = {
			isa = PBXProject;
			attributes = {
				LastSwiftUpdateCheck = 0940;
				LastUpgradeCheck = 0940;
				ORGANIZATIONNAME = "Eric Andersen";
				TargetAttributes = {
					384F0129212E66EA00BA47C1 = {
						CreatedOnToolsVersion = 9.4.1;
					};
					384F013D212E66EC00BA47C1 = {
						CreatedOnToolsVersion = 9.4.1;
						TestTargetID = 384F0129212E66EA00BA47C1;
					};
					384F0148212E66EC00BA47C1 = {
						CreatedOnToolsVersion = 9.4.1;
						TestTargetID = 384F0129212E66EA00BA47C1;
					};
				};
			};
			buildConfigurationList = 384F0125212E66EA00BA47C1 /* Build configuration list for PBXProject "SimplePersist" */;
			compatibilityVersion = "Xcode 9.3";
			developmentRegion = en;
			hasScannedForEncodings = 0;
			knownRegions = (
				en,
				Base,
			);
			mainGroup = 384F0121212E66EA00BA47C1;
			productRefGroup = 384F012B212E66EA00BA47C1 /* Products */;
			projectDirPath = "";
			projectRoot = "";
			targets = (
				384F0129212E66EA00BA47C1 /* SimplePersist */,
				384F013D212E66EC00BA47C1 /* SimplePersistTests */,
				384F0148212E66EC00BA47C1 /* SimplePersistUITests */,
			);
		};
/* End PBXProject section */

/* Begin PBXResourcesBuildPhase section */
		384F0128212E66EA00BA47C1 /* Resources */ = {
			isa = PBXResourcesBuildPhase;
			buildActionMask = 2147483647;
			files = (
				384F0138212E66EC00BA47C1 /* LaunchScreen.storyboard in Resources */,
				384F0135212E66EC00BA47C1 /* Assets.xcassets in Resources */,
				384F0133212E66EA00BA47C1 /* Main.storyboard in Resources */,
			);
			runOnlyForDeploymentPostprocessing = 0;
		};
		384F013C212E66EC00BA47C1 /* Resources */ = {
			isa = PBXResourcesBuildPhase;
			buildActionMask = 2147483647;
			files = (
			);
			runOnlyForDeploymentPostprocessing = 0;
		};
		384F0147212E66EC00BA47C1 /* Resources */ = {
			isa = PBXResourcesBuildPhase;
			buildActionMask = 2147483647;
			files = (
			);
			runOnlyForDeploymentPostprocessing = 0;
		};
/* End PBXResourcesBuildPhase section */

/* Begin PBXSourcesBuildPhase section */
		384F0126212E66EA00BA47C1 /* Sources */ = {
			isa = PBXSourcesBuildPhase;
			buildActionMask = 2147483647;
			files = (
				384F0130212E66EA00BA47C1 /* ViewController.swift in Sources */,
				384F012E212E66EA00BA47C1 /* AppDelegate.swift in Sources */,
			);
			runOnlyForDeploymentPostprocessing = 0;
		};
		384F013A212E66EC00BA47C1 /* Sources */ = {
			isa = PBXSourcesBuildPhase;
			buildActionMask = 2147483647;
			files = (
				384F0143212E66EC00BA47C1 /* SimplePersistTests.swift in Sources */,
			);
			runOnlyForDeploymentPostprocessing = 0;
		};
		384F0145212E66EC00BA47C1 /* Sources */ = {
			isa = PBXSourcesBuildPhase;
			buildActionMask = 2147483647;
			files = (
				384F014E212E66EC00BA47C1 /* SimplePersistUITests.swift in Sources */,
			);
			runOnlyForDeploymentPostprocessing = 0;
		};
/* End PBXSourcesBuildPhase section */

/* Begin PBXTargetDependency section */
		384F0140212E66EC00BA47C1 /* PBXTargetDependency */ = {
			isa = PBXTargetDependency;
			target = 384F0129212E66EA00BA47C1 /* SimplePersist */;
			targetProxy = 384F013F212E66EC00BA47C1 /* PBXContainerItemProxy */;
		};
		384F014B212E66EC00BA47C1 /* PBXTargetDependency */ = {
			isa = PBXTargetDependency;
			target = 384F0129212E66EA00BA47C1 /* SimplePersist */;
			targetProxy = 384F014A212E66EC00BA47C1 /* PBXContainerItemProxy */;
		};
/* End PBXTargetDependency section */

/* Begin PBXVariantGroup section */
		384F0131212E66EA00BA47C1 /* Main.storyboard */ = {
			isa = PBXVariantGroup;
			children = (
				384F0132212E66EA00BA47C1 /* Base */,
			);
			name = Main.storyboard;
			sourceTree = "<group>";
		};
		384F0136212E66EC00BA47C1 /* LaunchScreen.storyboard */ = {
			isa = PBXVariantGroup;
			children = (
				384F0137212E66EC00BA47C1 /* Base */,
			);
			name = LaunchScreen.storyboard;
			sourceTree = "<group>";
		};
/* End PBXVariantGroup section */

/* Begin XCBuildConfiguration section */
		384F0150212E66EC00BA47C1 /* Debug */ = {
			isa = XCBuildConfiguration;
			buildSettings = {
				ALWAYS_SEARCH_USER_PATHS = NO;
				CLANG_ANALYZER_NONNULL = YES;
				CLANG_ANALYZER_NUMBER_OBJECT_CONVERSION = YES_AGGRESSIVE;
				CLANG_CXX_LANGUAGE_STANDARD = "gnu++14";
				CLANG_CXX_LIBRARY = "libc++";
				CLANG_ENABLE_MODULES = YES;
				CLANG_ENABLE_OBJC_ARC = YES;
				CLANG_ENABLE_OBJC_WEAK = YES;
				CLANG_WARN_BLOCK_CAPTURE_AUTORELEASING = YES;
				CLANG_WARN_BOOL_CONVERSION = YES;
				CLANG_WARN_COMMA = YES;
				CLANG_WARN_CONSTANT_CONVERSION = YES;
				CLANG_WARN_DEPRECATED_OBJC_IMPLEMENTATIONS = YES;
				CLANG_WARN_DIRECT_OBJC_ISA_USAGE = YES_ERROR;
				CLANG_WARN_DOCUMENTATION_COMMENTS = YES;
				CLANG_WARN_EMPTY_BODY = YES;
				CLANG_WARN_ENUM_CONVERSION = YES;
				CLANG_WARN_INFINITE_RECURSION = YES;
				CLANG_WARN_INT_CONVERSION = YES;
				CLANG_WARN_NON_LITERAL_NULL_CONVERSION = YES;
				CLANG_WARN_OBJC_IMPLICIT_RETAIN_SELF = YES;
				CLANG_WARN_OBJC_LITERAL_CONVERSION = YES;
				CLANG_WARN_OBJC_ROOT_CLASS = YES_ERROR;
				CLANG_WARN_RANGE_LOOP_ANALYSIS = YES;
				CLANG_WARN_STRICT_PROTOTYPES = YES;
				CLANG_WARN_SUSPICIOUS_MOVE = YES;
				CLANG_WARN_UNGUARDED_AVAILABILITY = YES_AGGRESSIVE;
				CLANG_WARN_UNREACHABLE_CODE = YES;
				CLANG_WARN__DUPLICATE_METHOD_MATCH = YES;
				CODE_SIGN_IDENTITY = "iPhone Developer";
				COPY_PHASE_STRIP = NO;
				DEBUG_INFORMATION_FORMAT = dwarf;
				ENABLE_STRICT_OBJC_MSGSEND = YES;
				ENABLE_TESTABILITY = YES;
				GCC_C_LANGUAGE_STANDARD = gnu11;
				GCC_DYNAMIC_NO_PIC = NO;
				GCC_NO_COMMON_BLOCKS = YES;
				GCC_OPTIMIZATION_LEVEL = 0;
				GCC_PREPROCESSOR_DEFINITIONS = (
					"DEBUG=1",
					"$(inherited)",
				);
				GCC_WARN_64_TO_32_BIT_CONVERSION = YES;
				GCC_WARN_ABOUT_RETURN_TYPE = YES_ERROR;
				GCC_WARN_UNDECLARED_SELECTOR = YES;
				GCC_WARN_UNINITIALIZED_AUTOS = YES_AGGRESSIVE;
				GCC_WARN_UNUSED_FUNCTION = YES;
				GCC_WARN_UNUSED_VARIABLE = YES;
				IPHONEOS_DEPLOYMENT_TARGET = 11.4;
				MTL_ENABLE_DEBUG_INFO = YES;
				ONLY_ACTIVE_ARCH = YES;
				SDKROOT = iphoneos;
				SWIFT_ACTIVE_COMPILATION_CONDITIONS = DEBUG;
				SWIFT_OPTIMIZATION_LEVEL = "-Onone";
			};
			name = Debug;
		};
		384F0151212E66EC00BA47C1 /* Release */ = {
			isa = XCBuildConfiguration;
			buildSettings = {
				ALWAYS_SEARCH_USER_PATHS = NO;
				CLANG_ANALYZER_NONNULL = YES;
				CLANG_ANALYZER_NUMBER_OBJECT_CONVERSION = YES_AGGRESSIVE;
				CLANG_CXX_LANGUAGE_STANDARD = "gnu++14";
				CLANG_CXX_LIBRARY = "libc++";
				CLANG_ENABLE_MODULES = YES;
				CLANG_ENABLE_OBJC_ARC = YES;
				CLANG_ENABLE_OBJC_WEAK = YES;
				CLANG_WARN_BLOCK_CAPTURE_AUTORELEASING = YES;
				CLANG_WARN_BOOL_CONVERSION = YES;
				CLANG_WARN_COMMA = YES;
				CLANG_WARN_CONSTANT_CONVERSION = YES;
				CLANG_WARN_DEPRECATED_OBJC_IMPLEMENTATIONS = YES;
				CLANG_WARN_DIRECT_OBJC_ISA_USAGE = YES_ERROR;
				CLANG_WARN_DOCUMENTATION_COMMENTS = YES;
				CLANG_WARN_EMPTY_BODY = YES;
				CLANG_WARN_ENUM_CONVERSION = YES;
				CLANG_WARN_INFINITE_RECURSION = YES;
				CLANG_WARN_INT_CONVERSION = YES;
				CLANG_WARN_NON_LITERAL_NULL_CONVERSION = YES;
				CLANG_WARN_OBJC_IMPLICIT_RETAIN_SELF = YES;
				CLANG_WARN_OBJC_LITERAL_CONVERSION = YES;
				CLANG_WARN_OBJC_ROOT_CLASS = YES_ERROR;
				CLANG_WARN_RANGE_LOOP_ANALYSIS = YES;
				CLANG_WARN_STRICT_PROTOTYPES = YES;
				CLANG_WARN_SUSPICIOUS_MOVE = YES;
				CLANG_WARN_UNGUARDED_AVAILABILITY = YES_AGGRESSIVE;
				CLANG_WARN_UNREACHABLE_CODE = YES;
				CLANG_WARN__DUPLICATE_METHOD_MATCH = YES;
				CODE_SIGN_IDENTITY = "iPhone Developer";
				COPY_PHASE_STRIP = NO;
				DEBUG_INFORMATION_FORMAT = "dwarf-with-dsym";
				ENABLE_NS_ASSERTIONS = NO;
				ENABLE_STRICT_OBJC_MSGSEND = YES;
				GCC_C_LANGUAGE_STANDARD = gnu11;
				GCC_NO_COMMON_BLOCKS = YES;
				GCC_WARN_64_TO_32_BIT_CONVERSION = YES;
				GCC_WARN_ABOUT_RETURN_TYPE = YES_ERROR;
				GCC_WARN_UNDECLARED_SELECTOR = YES;
				GCC_WARN_UNINITIALIZED_AUTOS = YES_AGGRESSIVE;
				GCC_WARN_UNUSED_FUNCTION = YES;
				GCC_WARN_UNUSED_VARIABLE = YES;
				IPHONEOS_DEPLOYMENT_TARGET = 11.4;
				MTL_ENABLE_DEBUG_INFO = NO;
				SDKROOT = iphoneos;
				SWIFT_COMPILATION_MODE = wholemodule;
				SWIFT_OPTIMIZATION_LEVEL = "-O";
				VALIDATE_PRODUCT = YES;
			};
			name = Release;
		};
		384F0153212E66EC00BA47C1 /* Debug */ = {
			isa = XCBuildConfiguration;
			buildSettings = {
				ASSETCATALOG_COMPILER_APPICON_NAME = AppIcon;
				CODE_SIGN_STYLE = Automatic;
				DEVELOPMENT_TEAM = S2V96BB45E;
				INFOPLIST_FILE = SimplePersist/Info.plist;
				LD_RUNPATH_SEARCH_PATHS = (
					"$(inherited)",
					"@executable_path/Frameworks",
				);
				PRODUCT_BUNDLE_IDENTIFIER = com.EricAndersen.SimplePersist;
				PRODUCT_NAME = "$(TARGET_NAME)";
				SWIFT_VERSION = 4.0;
				TARGETED_DEVICE_FAMILY = "1,2";
			};
			name = Debug;
		};
		384F0154212E66EC00BA47C1 /* Release */ = {
			isa = XCBuildConfiguration;
			buildSettings = {
				ASSETCATALOG_COMPILER_APPICON_NAME = AppIcon;
				CODE_SIGN_STYLE = Automatic;
				DEVELOPMENT_TEAM = S2V96BB45E;
				INFOPLIST_FILE = SimplePersist/Info.plist;
				LD_RUNPATH_SEARCH_PATHS = (
					"$(inherited)",
					"@executable_path/Frameworks",
				);
				PRODUCT_BUNDLE_IDENTIFIER = com.EricAndersen.SimplePersist;
				PRODUCT_NAME = "$(TARGET_NAME)";
				SWIFT_VERSION = 4.0;
				TARGETED_DEVICE_FAMILY = "1,2";
			};
			name = Release;
		};
		384F0156212E66EC00BA47C1 /* Debug */ = {
			isa = XCBuildConfiguration;
			buildSettings = {
				ALWAYS_EMBED_SWIFT_STANDARD_LIBRARIES = YES;
				BUNDLE_LOADER = "$(TEST_HOST)";
				CODE_SIGN_STYLE = Automatic;
				DEVELOPMENT_TEAM = S2V96BB45E;
				INFOPLIST_FILE = SimplePersistTests/Info.plist;
				LD_RUNPATH_SEARCH_PATHS = (
					"$(inherited)",
					"@executable_path/Frameworks",
					"@loader_path/Frameworks",
				);
				PRODUCT_BUNDLE_IDENTIFIER = com.EricAndersen.SimplePersistTests;
				PRODUCT_NAME = "$(TARGET_NAME)";
				SWIFT_VERSION = 4.0;
				TARGETED_DEVICE_FAMILY = "1,2";
				TEST_HOST = "$(BUILT_PRODUCTS_DIR)/SimplePersist.app/SimplePersist";
			};
			name = Debug;
		};
		384F0157212E66EC00BA47C1 /* Release */ = {
			isa = XCBuildConfiguration;
			buildSettings = {
				ALWAYS_EMBED_SWIFT_STANDARD_LIBRARIES = YES;
				BUNDLE_LOADER = "$(TEST_HOST)";
				CODE_SIGN_STYLE = Automatic;
				DEVELOPMENT_TEAM = S2V96BB45E;
				INFOPLIST_FILE = SimplePersistTests/Info.plist;
				LD_RUNPATH_SEARCH_PATHS = (
					"$(inherited)",
					"@executable_path/Frameworks",
					"@loader_path/Frameworks",
				);
				PRODUCT_BUNDLE_IDENTIFIER = com.EricAndersen.SimplePersistTests;
				PRODUCT_NAME = "$(TARGET_NAME)";
				SWIFT_VERSION = 4.0;
				TARGETED_DEVICE_FAMILY = "1,2";
				TEST_HOST = "$(BUILT_PRODUCTS_DIR)/SimplePersist.app/SimplePersist";
			};
			name = Release;
		};
		384F0159212E66EC00BA47C1 /* Debug */ = {
			isa = XCBuildConfiguration;
			buildSettings = {
				ALWAYS_EMBED_SWIFT_STANDARD_LIBRARIES = YES;
				CODE_SIGN_STYLE = Automatic;
				DEVELOPMENT_TEAM = S2V96BB45E;
				INFOPLIST_FILE = SimplePersistUITests/Info.plist;
				LD_RUNPATH_SEARCH_PATHS = (
					"$(inherited)",
					"@executable_path/Frameworks",
					"@loader_path/Frameworks",
				);
				PRODUCT_BUNDLE_IDENTIFIER = com.EricAndersen.SimplePersistUITests;
				PRODUCT_NAME = "$(TARGET_NAME)";
				SWIFT_VERSION = 4.0;
				TARGETED_DEVICE_FAMILY = "1,2";
				TEST_TARGET_NAME = SimplePersist;
			};
			name = Debug;
		};
		384F015A212E66EC00BA47C1 /* Release */ = {
			isa = XCBuildConfiguration;
			buildSettings = {
				ALWAYS_EMBED_SWIFT_STANDARD_LIBRARIES = YES;
				CODE_SIGN_STYLE = Automatic;
				DEVELOPMENT_TEAM = S2V96BB45E;
				INFOPLIST_FILE = SimplePersistUITests/Info.plist;
				LD_RUNPATH_SEARCH_PATHS = (
					"$(inherited)",
					"@executable_path/Frameworks",
					"@loader_path/Frameworks",
				);
				PRODUCT_BUNDLE_IDENTIFIER = com.EricAndersen.SimplePersistUITests;
				PRODUCT_NAME = "$(TARGET_NAME)";
				SWIFT_VERSION = 4.0;
				TARGETED_DEVICE_FAMILY = "1,2";
				TEST_TARGET_NAME = SimplePersist;
			};
			name = Release;
		};
/* End XCBuildConfiguration section */

/* Begin XCConfigurationList section */
		384F0125212E66EA00BA47C1 /* Build configuration list for PBXProject "SimplePersist" */ = {
			isa = XCConfigurationList;
			buildConfigurations = (
				384F0150212E66EC00BA47C1 /* Debug */,
				384F0151212E66EC00BA47C1 /* Release */,
			);
			defaultConfigurationIsVisible = 0;
			defaultConfigurationName = Release;
		};
		384F0152212E66EC00BA47C1 /* Build configuration list for PBXNativeTarget "SimplePersist" */ = {
			isa = XCConfigurationList;
			buildConfigurations = (
				384F0153212E66EC00BA47C1 /* Debug */,
				384F0154212E66EC00BA47C1 /* Release */,
			);
			defaultConfigurationIsVisible = 0;
			defaultConfigurationName = Release;
		};
		384F0155212E66EC00BA47C1 /* Build configuration list for PBXNativeTarget "SimplePersistTests" */ = {
			isa = XCConfigurationList;
			buildConfigurations = (
				384F0156212E66EC00BA47C1 /* Debug */,
				384F0157212E66EC00BA47C1 /* Release */,
			);
			defaultConfigurationIsVisible = 0;
			defaultConfigurationName = Release;
		};
		384F0158212E66EC00BA47C1 /* Build configuration list for PBXNativeTarget "SimplePersistUITests" */ = {
			isa = XCConfigurationList;
			buildConfigurations = (
				384F0159212E66EC00BA47C1 /* Debug */,
				384F015A212E66EC00BA47C1 /* Release */,
			);
			defaultConfigurationIsVisible = 0;
			defaultConfigurationName = Release;
		};
/* End XCConfigurationList section */
	};
	rootObject = 384F0122212E66EA00BA47C1 /* Project object */;
}
